{
    "_readme": [
        "This file locks the dependencies of your project to a known state",
        "Read more about it at https://getcomposer.org/doc/01-basic-usage.md#composer-lock-the-lock-file",
        "This file is @generated automatically"
    ],
    "hash": "f019bc8d7cd9401108b915b7b6581954",
    "content-hash": "d8a5600fba80b847bc39c802d6db6351",
    "packages": [
        {
            "name": "oktopost/objection",
            "version": "dev-master",
            "source": {
                "type": "git",
                "url": "https://github.com/Oktopost/Objection.git",
                "reference": "eae1f484e72987320cc6a82998e6a54f00f3bccb"
            },
            "dist": {
                "type": "zip",
                "url": "https://api.github.com/repos/Oktopost/Objection/zipball/eae1f484e72987320cc6a82998e6a54f00f3bccb",
                "reference": "eae1f484e72987320cc6a82998e6a54f00f3bccb",
                "shasum": ""
            },
            "require": {
                "php": ">=5.5"
            },
            "type": "library",
            "autoload": {
                "psr-0": {
                    "Objection": "src"
                }
            },
            "notification-url": "https://packagist.org/downloads/",
            "license": [
                "MIT"
            ],
            "authors": [
                {
                    "name": "Alexey Puchkov",
                    "email": "alexey@oktopost.com",
                    "role": "Developer"
                }
            ],
            "description": "Objects in PHP",
            "homepage": "https://github.com/Oktopost/Objection",
            "time": "2016-04-05 13:11:45"
        },
        {
            "name": "oktopost/skeleton",
            "version": "dev-master",
            "source": {
                "type": "git",
                "url": "https://github.com/Oktopost/Skeleton.git",
                "reference": "55fcf7c918ceb5866cbbcc255db35da3488ef611"
            },
            "dist": {
                "type": "zip",
                "url": "https://api.github.com/repos/Oktopost/Skeleton/zipball/55fcf7c918ceb5866cbbcc255db35da3488ef611",
                "reference": "55fcf7c918ceb5866cbbcc255db35da3488ef611",
                "shasum": ""
            },
            "require": {
                "php": ">=5.5"
            },
            "type": "library",
            "autoload": {
                "psr-0": {
                    "Skeleton": "src"
                }
            },
            "notification-url": "https://packagist.org/downloads/",
            "license": [
                "MIT"
            ],
            "authors": [
                {
                    "name": "Alexey Puchkov",
                    "email": "alexey@oktopost.com",
                    "role": "Developer"
                }
            ],
            "description": "Inversion of Control library",
            "homepage": "https://github.com/Oktopost/Skeleton",
            "time": "2016-04-03 09:16:12"
        }
    ],
    "packages-dev": [],
    "aliases": [],
    "minimum-stability": "dev",
    "stability-flags": {
        "oktopost/objection": 20,
        "oktopost/skeleton": 20
    },
    "prefer-stable": false,
    "prefer-lowest": false,
    "platform": {
        "php": ">=5.5"
    },
    "platform-dev": []
}
