{
    "_readme": [
        "This file locks the dependencies of your project to a known state",
        "Read more about it at https://getcomposer.org/doc/01-basic-usage.md#composer-lock-the-lock-file",
        "This file is @generated automatically"
    ],
    "hash": "6add998c5a56b1928704396942b7fa79",
    "content-hash": "6737ccb5317659af5384f7bec9770707",
    "packages": [
        {
            "name": "oktopost/objection",
            "version": "1.0.2",
            "source": {
                "type": "git",
                "url": "https://github.com/Oktopost/Objection.git",
                "reference": "ffb3bbfc21cc1f34adef03729e0a283e3786a663"
            },
            "dist": {
                "type": "zip",
                "url": "https://api.github.com/repos/Oktopost/Objection/zipball/ffb3bbfc21cc1f34adef03729e0a283e3786a663",
                "reference": "ffb3bbfc21cc1f34adef03729e0a283e3786a663",
                "shasum": ""
            },
            "require": {
                "php": ">=5.5-stable"
            },
            "type": "library",
            "autoload": {
                "psr-0": {
                    "Objection": "src"
                }
            },
            "notification-url": "https://packagist.org/downloads/",
            "license": [
                "MIT"
            ],
            "authors": [
                {
                    "name": "Alexey Puchkov",
                    "email": "alexey@oktopost.com",
                    "role": "Developer"
                },
                {
                    "name": "Marina Sherstuk",
                    "email": "marinashers@gmail.com",
                    "role": "Developer"
                }
            ],
            "description": "Objects in PHP",
            "homepage": "https://github.com/Oktopost/Objection",
            "time": "2016-06-06 08:58:54"
        },
        {
            "name": "oktopost/skeleton",
            "version": "1.0.1",
            "source": {
                "type": "git",
                "url": "https://github.com/Oktopost/Skeleton.git",
                "reference": "a60da8b707595363dbb1b2c2cb6c3b3c82ed5982"
            },
            "dist": {
                "type": "zip",
                "url": "https://api.github.com/repos/Oktopost/Skeleton/zipball/a60da8b707595363dbb1b2c2cb6c3b3c82ed5982",
                "reference": "a60da8b707595363dbb1b2c2cb6c3b3c82ed5982",
                "shasum": ""
            },
            "require": {
                "oktopost/objection": "1.0.*",
                "php": ">=5.5"
            },
            "type": "library",
            "autoload": {
                "psr-0": {
                    "Skeleton": "src"
                }
            },
            "notification-url": "https://packagist.org/downloads/",
            "license": [
                "MIT"
            ],
            "authors": [
                {
                    "name": "Alexey Puchkov",
                    "email": "alexey@oktopost.com",
                    "role": "Developer"
                }
            ],
            "description": "Inversion of Control library",
            "homepage": "https://github.com/Oktopost/Skeleton",
            "time": "2016-07-14 15:11:11"
        },
        {
            "name": "psr/log",
            "version": "1.0.0",
            "source": {
                "type": "git",
                "url": "https://github.com/php-fig/log.git",
                "reference": "fe0936ee26643249e916849d48e3a51d5f5e278b"
            },
            "dist": {
                "type": "zip",
                "url": "https://api.github.com/repos/php-fig/log/zipball/fe0936ee26643249e916849d48e3a51d5f5e278b",
                "reference": "fe0936ee26643249e916849d48e3a51d5f5e278b",
                "shasum": ""
            },
            "type": "library",
            "autoload": {
                "psr-0": {
                    "Psr\\Log\\": ""
                }
            },
            "notification-url": "https://packagist.org/downloads/",
            "license": [
                "MIT"
            ],
            "authors": [
                {
                    "name": "PHP-FIG",
                    "homepage": "http://www.php-fig.org/"
                }
            ],
            "description": "Common interface for logging libraries",
            "keywords": [
                "log",
                "psr",
                "psr-3"
            ],
            "time": "2012-12-21 11:40:51"
        }
    ],
    "packages-dev": [],
    "aliases": [],
    "minimum-stability": "stable",
    "stability-flags": [],
    "prefer-stable": false,
    "prefer-lowest": false,
    "platform": {
        "php": ">=5.5-stable"
    },
    "platform-dev": []
}
